
Microsoft Visual Studio Solution File, Format Version 12.00
# Visual Studio Version 16
VisualStudioVersion = 16.0.30330.147
MinimumVisualStudioVersion = 10.0.40219.1
Project("{9A19103F-16F7-4668-BE54-9A1E7A4F7556}") = "XBeeLibrary.Core", "XBeeLibrary.Core\XBeeLibrary.Core.csproj", "{40993E66-FEBC-42C4-AEAD-A04838145207}"
EndProject
Project("{9A19103F-16F7-4668-BE54-9A1E7A4F7556}") = "XBeeLibrary.Xamarin", "XBeeLibrary.Xamarin\XBeeLibrary.Xamarin.csproj", "{136E00A4-29B0-4981-8213-0F49A87E4084}"
EndProject
Project("{2150E333-8FDC-42A3-9474-1A3956D46DE8}") = "examples", "examples", "{AF4598E8-BE00-438E-941E-BAA5FA406E06}"
EndProject
Project("{2150E333-8FDC-42A3-9474-1A3956D46DE8}") = "xamarin", "xamarin", "{35778E6E-3CAF-4613-B4F6-FA207832E55D}"
EndProject
Project("{FAE04EC0-301F-11D3-BF4B-00C04F79EFBC}") = "BleMicroPythonSample.Android", "examples\xamarin\BleMicroPythonSample\BleMicroPythonSample.Android\BleMicroPythonSample.Android.csproj", "{45F2F190-4671-4787-8015-DBD87E20558B}"
EndProject
Project("{FAE04EC0-301F-11D3-BF4B-00C04F79EFBC}") = "BleMicroPythonSample.iOS", "examples\xamarin\BleMicroPythonSample\BleMicroPythonSample.iOS\BleMicroPythonSample.iOS.csproj", "{8E037867-4337-4DDA-B13E-A077EF3D80C8}"
EndProject
Project("{D954291E-2A0B-460D-934E-DC6B0785DB48}") = "BleMicroPythonSample", "examples\xamarin\BleMicroPythonSample\BleMicroPythonSample\BleMicroPythonSample.shproj", "{73D95281-FB5D-4D78-AA34-8B722052DB3E}"
EndProject
Project("{2150E333-8FDC-42A3-9474-1A3956D46DE8}") = "BleMicroPythonSample", "BleMicroPythonSample", "{6359A794-E9A4-4257-B0DB-55A0AD613237}"
	ProjectSection(SolutionItems) = preProject
		examples\xamarin\BleMicroPythonSample\README.md = examples\xamarin\BleMicroPythonSample\README.md
	EndProjectSection
EndProject
Project("{FAE04EC0-301F-11D3-BF4B-00C04F79EFBC}") = "BleConfigurationSample.Android", "examples\xamarin\BleConfigurationSample\BleConfigurationSample.Android\BleConfigurationSample.Android.csproj", "{2AA77393-0B80-4BAC-BCC7-1FF0F19AA079}"
EndProject
Project("{FAE04EC0-301F-11D3-BF4B-00C04F79EFBC}") = "BleConfigurationSample.iOS", "examples\xamarin\BleConfigurationSample\BleConfigurationSample.iOS\BleConfigurationSample.iOS.csproj", "{5BA73FD6-CADC-4847-A280-B41FDC31639C}"
EndProject
Project("{D954291E-2A0B-460D-934E-DC6B0785DB48}") = "BleConfigurationSample", "examples\xamarin\BleConfigurationSample\BleConfigurationSample\BleConfigurationSample.shproj", "{FC265072-73CD-4D0C-98AD-75EBE14479F6}"
EndProject
Project("{2150E333-8FDC-42A3-9474-1A3956D46DE8}") = "BleConfigurationSample", "BleConfigurationSample", "{56652968-5F70-45B5-A025-F6420B95905D}"
	ProjectSection(SolutionItems) = preProject
		examples\xamarin\BleConfigurationSample\README.md = examples\xamarin\BleConfigurationSample\README.md
	EndProjectSection
EndProject
Project("{2150E333-8FDC-42A3-9474-1A3956D46DE8}") = "BleMicrocontrollerSample", "BleMicrocontrollerSample", "{03FF6946-BAF7-4AE6-90F4-DD3D7C24DBB1}"
	ProjectSection(SolutionItems) = preProject
		examples\xamarin\BleMicrocontrollerSample\README.md = examples\xamarin\BleMicrocontrollerSample\README.md
	EndProjectSection
EndProject
Project("{FAE04EC0-301F-11D3-BF4B-00C04F79EFBC}") = "BleMicrocontrollerSample.Android", "examples\xamarin\BleMicrocontrollerSample\BleMicrocontrollerSample.Android\BleMicrocontrollerSample.Android.csproj", "{02867B8D-7E36-4952-ABDF-C6F060F17840}"
EndProject
Project("{FAE04EC0-301F-11D3-BF4B-00C04F79EFBC}") = "BleMicrocontrollerSample.iOS", "examples\xamarin\BleMicrocontrollerSample\BleMicrocontrollerSample.iOS\BleMicrocontrollerSample.iOS.csproj", "{B24B0309-BE04-4791-8A2B-1E167215B738}"
EndProject
Project("{D954291E-2A0B-460D-934E-DC6B0785DB48}") = "BleMicrocontrollerSample", "examples\xamarin\BleMicrocontrollerSample\BleMicrocontrollerSample\BleMicrocontrollerSample.shproj", "{79DAA1E1-164C-49B5-A0DF-8344F2E3DA84}"
EndProject
Project("{2150E333-8FDC-42A3-9474-1A3956D46DE8}") = "RelayConsoleSample", "RelayConsoleSample", "{5808FBDC-0FCF-4E40-BBB4-A7B5AB74DDBC}"
	ProjectSection(SolutionItems) = preProject
		examples\xamarin\RelayConsoleSample\README.md = examples\xamarin\RelayConsoleSample\README.md
	EndProjectSection
EndProject
Project("{FAE04EC0-301F-11D3-BF4B-00C04F79EFBC}") = "RelayConsoleSample.Android", "examples\xamarin\RelayConsoleSample\RelayConsoleSample.Android\RelayConsoleSample.Android.csproj", "{81FC88AB-CF50-4509-B9C0-4A78B80F1C4B}"
EndProject
Project("{FAE04EC0-301F-11D3-BF4B-00C04F79EFBC}") = "RelayConsoleSample.iOS", "examples\xamarin\RelayConsoleSample\RelayConsoleSample.iOS\RelayConsoleSample.iOS.csproj", "{7194034D-068F-46EA-BC19-FE76B51D9FA0}"
EndProject
Project("{D954291E-2A0B-460D-934E-DC6B0785DB48}") = "RelayConsoleSample", "examples\xamarin\RelayConsoleSample\RelayConsoleSample\RelayConsoleSample.shproj", "{164B96CD-EA89-4D0F-BDF8-16F797BA29AF}"
EndProject
Project("{2150E333-8FDC-42A3-9474-1A3956D46DE8}") = "AgricultureDemo", "AgricultureDemo", "{A9ECF39C-CA3F-43A5-B792-4D3E4447978A}"
	ProjectSection(SolutionItems) = preProject
		examples\xamarin\AgricultureDemo\README.md = examples\xamarin\AgricultureDemo\README.md
	EndProjectSection
EndProject
Project("{9A19103F-16F7-4668-BE54-9A1E7A4F7556}") = "AgricultureDemo", "examples\xamarin\AgricultureDemo\AgricultureDemo\AgricultureDemo.csproj", "{FF632E32-38AB-487D-A776-E247B9C972CE}"
EndProject
Project("{FAE04EC0-301F-11D3-BF4B-00C04F79EFBC}") = "AgricultureDemo.Android", "examples\xamarin\AgricultureDemo\AgricultureDemo.Android\AgricultureDemo.Android.csproj", "{A48E4CE6-DA61-429A-A154-9271A5910FCC}"
EndProject
Project("{FAE04EC0-301F-11D3-BF4B-00C04F79EFBC}") = "AgricultureDemo.iOS", "examples\xamarin\AgricultureDemo\AgricultureDemo.iOS\AgricultureDemo.iOS.csproj", "{0A24A683-9395-4C6D-83CD-16FDDAA948A8}"
EndProject
Project("{2150E333-8FDC-42A3-9474-1A3956D46DE8}") = "TankDemo", "TankDemo", "{6C577AC1-8C7F-4D46-9BC2-63A9E87A334D}"
EndProject
Project("{9A19103F-16F7-4668-BE54-9A1E7A4F7556}") = "TankDemo", "examples\xamarin\TankDemo\TankDemo\TankDemo.csproj", "{9EB16A70-3094-436C-AFFF-8D81046F3065}"
EndProject
Project("{FAE04EC0-301F-11D3-BF4B-00C04F79EFBC}") = "TankDemo.Android", "examples\xamarin\TankDemo\TankDemo.Android\TankDemo.Android.csproj", "{A48E4CE7-DA61-429A-A154-9271A5910FCC}"
EndProject
Project("{FAE04EC0-301F-11D3-BF4B-00C04F79EFBC}") = "TankDemo.iOS", "examples\xamarin\TankDemo\TankDemo.iOS\TankDemo.iOS.csproj", "{0A24A684-9395-4C6D-83CD-16FDDAA948A8}"
EndProject
Project("{2150E333-8FDC-42A3-9474-1A3956D46DE8}") = "IX15BleConfiguratorDemo", "IX15BleConfiguratorDemo", "{3783DBD1-AB0B-4509-8FB5-7F3F1BC06DE5}"
EndProject
Project("{9A19103F-16F7-4668-BE54-9A1E7A4F7556}") = "IX15Configurator", "examples\xamarin\IX15BleConfiguratorDemo\IX15Configurator\IX15Configurator.csproj", "{6584F2F9-5D05-49D1-A6AA-578DD463A291}"
EndProject
Project("{FAE04EC0-301F-11D3-BF4B-00C04F79EFBC}") = "IX15Configurator.Android", "examples\xamarin\IX15BleConfiguratorDemo\IX15Configurator.Android\IX15Configurator.Android.csproj", "{1ED77F9B-CCE7-44F3-A055-39589DCE53CF}"
EndProject
Project("{FAE04EC0-301F-11D3-BF4B-00C04F79EFBC}") = "IX15Configurator.iOS", "examples\xamarin\IX15BleConfiguratorDemo\IX15Configurator.iOS\IX15Configurator.iOS.csproj", "{4B902BDB-FAAF-4146-BD5A-E1DBD9063D3A}"
EndProject
Global
	GlobalSection(SharedMSBuildProjectFiles) = preSolution
		examples\xamarin\BleMicrocontrollerSample\BleMicrocontrollerSample\BleMicrocontrollerSample.projitems*{02867b8d-7e36-4952-abdf-c6f060f17840}*SharedItemsImports = 4
		examples\xamarin\RelayConsoleSample\RelayConsoleSample\RelayConsoleSample.projitems*{164b96cd-ea89-4d0f-bdf8-16f797ba29af}*SharedItemsImports = 13
		examples\xamarin\BleConfigurationSample\BleConfigurationSample\BleConfigurationSample.projitems*{2aa77393-0b80-4bac-bcc7-1ff0f19aa079}*SharedItemsImports = 4
		examples\xamarin\BleMicroPythonSample\BleMicroPythonSample\BleMicroPythonSample.projitems*{45f2f190-4671-4787-8015-dbd87e20558b}*SharedItemsImports = 4
		examples\xamarin\BleConfigurationSample\BleConfigurationSample\BleConfigurationSample.projitems*{5ba73fd6-cadc-4847-a280-b41fdc31639c}*SharedItemsImports = 4
		examples\xamarin\RelayConsoleSample\RelayConsoleSample\RelayConsoleSample.projitems*{7194034d-068f-46ea-bc19-fe76b51d9fa0}*SharedItemsImports = 4
		examples\xamarin\BleMicroPythonSample\BleMicroPythonSample\BleMicroPythonSample.projitems*{73d95281-fb5d-4d78-aa34-8b722052db3e}*SharedItemsImports = 13
		examples\xamarin\BleMicrocontrollerSample\BleMicrocontrollerSample\BleMicrocontrollerSample.projitems*{79daa1e1-164c-49b5-a0df-8344f2e3da84}*SharedItemsImports = 13
		examples\xamarin\RelayConsoleSample\RelayConsoleSample\RelayConsoleSample.projitems*{81fc88ab-cf50-4509-b9c0-4a78b80f1c4b}*SharedItemsImports = 4
		examples\xamarin\BleMicroPythonSample\BleMicroPythonSample\BleMicroPythonSample.projitems*{8e037867-4337-4dda-b13e-a077ef3d80c8}*SharedItemsImports = 4
		examples\xamarin\BleMicrocontrollerSample\BleMicrocontrollerSample\BleMicrocontrollerSample.projitems*{b24b0309-be04-4791-8a2b-1e167215b738}*SharedItemsImports = 4
		examples\xamarin\BleConfigurationSample\BleConfigurationSample\BleConfigurationSample.projitems*{fc265072-73cd-4d0c-98ad-75ebe14479f6}*SharedItemsImports = 13
	EndGlobalSection
	GlobalSection(SolutionConfigurationPlatforms) = preSolution
		Ad-Hoc|Any CPU = Ad-Hoc|Any CPU
		Ad-Hoc|iPhone = Ad-Hoc|iPhone
		Ad-Hoc|iPhoneSimulator = Ad-Hoc|iPhoneSimulator
		AppStore|Any CPU = AppStore|Any CPU
		AppStore|iPhone = AppStore|iPhone
		AppStore|iPhoneSimulator = AppStore|iPhoneSimulator
		Debug|Any CPU = Debug|Any CPU
		Debug|iPhone = Debug|iPhone
		Debug|iPhoneSimulator = Debug|iPhoneSimulator
		Release|Any CPU = Release|Any CPU
		Release|iPhone = Release|iPhone
		Release|iPhoneSimulator = Release|iPhoneSimulator
	EndGlobalSection
	GlobalSection(ProjectConfigurationPlatforms) = postSolution
		{40993E66-FEBC-42C4-AEAD-A04838145207}.Ad-Hoc|Any CPU.ActiveCfg = Release|Any CPU
		{40993E66-FEBC-42C4-AEAD-A04838145207}.Ad-Hoc|Any CPU.Build.0 = Release|Any CPU
		{40993E66-FEBC-42C4-AEAD-A04838145207}.Ad-Hoc|iPhone.ActiveCfg = Release|Any CPU
		{40993E66-FEBC-42C4-AEAD-A04838145207}.Ad-Hoc|iPhone.Build.0 = Release|Any CPU
		{40993E66-FEBC-42C4-AEAD-A04838145207}.Ad-Hoc|iPhoneSimulator.ActiveCfg = Release|Any CPU
		{40993E66-FEBC-42C4-AEAD-A04838145207}.Ad-Hoc|iPhoneSimulator.Build.0 = Release|Any CPU
		{40993E66-FEBC-42C4-AEAD-A04838145207}.AppStore|Any CPU.ActiveCfg = Release|Any CPU
		{40993E66-FEBC-42C4-AEAD-A04838145207}.AppStore|Any CPU.Build.0 = Release|Any CPU
		{40993E66-FEBC-42C4-AEAD-A04838145207}.AppStore|iPhone.ActiveCfg = Release|Any CPU
		{40993E66-FEBC-42C4-AEAD-A04838145207}.AppStore|iPhone.Build.0 = Release|Any CPU
		{40993E66-FEBC-42C4-AEAD-A04838145207}.AppStore|iPhoneSimulator.ActiveCfg = Release|Any CPU
		{40993E66-FEBC-42C4-AEAD-A04838145207}.AppStore|iPhoneSimulator.Build.0 = Release|Any CPU
		{40993E66-FEBC-42C4-AEAD-A04838145207}.Debug|Any CPU.ActiveCfg = Debug|Any CPU
		{40993E66-FEBC-42C4-AEAD-A04838145207}.Debug|Any CPU.Build.0 = Debug|Any CPU
		{40993E66-FEBC-42C4-AEAD-A04838145207}.Debug|iPhone.ActiveCfg = Debug|Any CPU
		{40993E66-FEBC-42C4-AEAD-A04838145207}.Debug|iPhone.Build.0 = Debug|Any CPU
		{40993E66-FEBC-42C4-AEAD-A04838145207}.Debug|iPhoneSimulator.ActiveCfg = Debug|Any CPU
		{40993E66-FEBC-42C4-AEAD-A04838145207}.Debug|iPhoneSimulator.Build.0 = Debug|Any CPU
		{40993E66-FEBC-42C4-AEAD-A04838145207}.Release|Any CPU.ActiveCfg = Release|Any CPU
		{40993E66-FEBC-42C4-AEAD-A04838145207}.Release|Any CPU.Build.0 = Release|Any CPU
		{40993E66-FEBC-42C4-AEAD-A04838145207}.Release|iPhone.ActiveCfg = Release|Any CPU
		{40993E66-FEBC-42C4-AEAD-A04838145207}.Release|iPhone.Build.0 = Release|Any CPU
		{40993E66-FEBC-42C4-AEAD-A04838145207}.Release|iPhoneSimulator.ActiveCfg = Release|Any CPU
		{40993E66-FEBC-42C4-AEAD-A04838145207}.Release|iPhoneSimulator.Build.0 = Release|Any CPU
		{136E00A4-29B0-4981-8213-0F49A87E4084}.Ad-Hoc|Any CPU.ActiveCfg = Release|Any CPU
		{136E00A4-29B0-4981-8213-0F49A87E4084}.Ad-Hoc|Any CPU.Build.0 = Release|Any CPU
		{136E00A4-29B0-4981-8213-0F49A87E4084}.Ad-Hoc|iPhone.ActiveCfg = Release|Any CPU
		{136E00A4-29B0-4981-8213-0F49A87E4084}.Ad-Hoc|iPhone.Build.0 = Release|Any CPU
		{136E00A4-29B0-4981-8213-0F49A87E4084}.Ad-Hoc|iPhoneSimulator.ActiveCfg = Release|Any CPU
		{136E00A4-29B0-4981-8213-0F49A87E4084}.Ad-Hoc|iPhoneSimulator.Build.0 = Release|Any CPU
		{136E00A4-29B0-4981-8213-0F49A87E4084}.AppStore|Any CPU.ActiveCfg = Release|Any CPU
		{136E00A4-29B0-4981-8213-0F49A87E4084}.AppStore|Any CPU.Build.0 = Release|Any CPU
		{136E00A4-29B0-4981-8213-0F49A87E4084}.AppStore|iPhone.ActiveCfg = Release|Any CPU
		{136E00A4-29B0-4981-8213-0F49A87E4084}.AppStore|iPhone.Build.0 = Release|Any CPU
		{136E00A4-29B0-4981-8213-0F49A87E4084}.AppStore|iPhoneSimulator.ActiveCfg = Release|Any CPU
		{136E00A4-29B0-4981-8213-0F49A87E4084}.AppStore|iPhoneSimulator.Build.0 = Release|Any CPU
		{136E00A4-29B0-4981-8213-0F49A87E4084}.Debug|Any CPU.ActiveCfg = Debug|Any CPU
		{136E00A4-29B0-4981-8213-0F49A87E4084}.Debug|Any CPU.Build.0 = Debug|Any CPU
		{136E00A4-29B0-4981-8213-0F49A87E4084}.Debug|iPhone.ActiveCfg = Debug|Any CPU
		{136E00A4-29B0-4981-8213-0F49A87E4084}.Debug|iPhone.Build.0 = Debug|Any CPU
		{136E00A4-29B0-4981-8213-0F49A87E4084}.Debug|iPhoneSimulator.ActiveCfg = Debug|Any CPU
		{136E00A4-29B0-4981-8213-0F49A87E4084}.Debug|iPhoneSimulator.Build.0 = Debug|Any CPU
		{136E00A4-29B0-4981-8213-0F49A87E4084}.Release|Any CPU.ActiveCfg = Release|Any CPU
		{136E00A4-29B0-4981-8213-0F49A87E4084}.Release|Any CPU.Build.0 = Release|Any CPU
		{136E00A4-29B0-4981-8213-0F49A87E4084}.Release|iPhone.ActiveCfg = Release|Any CPU
		{136E00A4-29B0-4981-8213-0F49A87E4084}.Release|iPhone.Build.0 = Release|Any CPU
		{136E00A4-29B0-4981-8213-0F49A87E4084}.Release|iPhoneSimulator.ActiveCfg = Release|Any CPU
		{136E00A4-29B0-4981-8213-0F49A87E4084}.Release|iPhoneSimulator.Build.0 = Release|Any CPU
		{45F2F190-4671-4787-8015-DBD87E20558B}.Ad-Hoc|Any CPU.ActiveCfg = Release|Any CPU
		{45F2F190-4671-4787-8015-DBD87E20558B}.Ad-Hoc|Any CPU.Build.0 = Release|Any CPU
		{45F2F190-4671-4787-8015-DBD87E20558B}.Ad-Hoc|Any CPU.Deploy.0 = Release|Any CPU
		{45F2F190-4671-4787-8015-DBD87E20558B}.Ad-Hoc|iPhone.ActiveCfg = Release|Any CPU
		{45F2F190-4671-4787-8015-DBD87E20558B}.Ad-Hoc|iPhone.Build.0 = Release|Any CPU
		{45F2F190-4671-4787-8015-DBD87E20558B}.Ad-Hoc|iPhone.Deploy.0 = Release|Any CPU
		{45F2F190-4671-4787-8015-DBD87E20558B}.Ad-Hoc|iPhoneSimulator.ActiveCfg = Release|Any CPU
		{45F2F190-4671-4787-8015-DBD87E20558B}.Ad-Hoc|iPhoneSimulator.Build.0 = Release|Any CPU
		{45F2F190-4671-4787-8015-DBD87E20558B}.Ad-Hoc|iPhoneSimulator.Deploy.0 = Release|Any CPU
		{45F2F190-4671-4787-8015-DBD87E20558B}.AppStore|Any CPU.ActiveCfg = Release|Any CPU
		{45F2F190-4671-4787-8015-DBD87E20558B}.AppStore|Any CPU.Build.0 = Release|Any CPU
		{45F2F190-4671-4787-8015-DBD87E20558B}.AppStore|Any CPU.Deploy.0 = Release|Any CPU
		{45F2F190-4671-4787-8015-DBD87E20558B}.AppStore|iPhone.ActiveCfg = Release|Any CPU
		{45F2F190-4671-4787-8015-DBD87E20558B}.AppStore|iPhone.Build.0 = Release|Any CPU
		{45F2F190-4671-4787-8015-DBD87E20558B}.AppStore|iPhone.Deploy.0 = Release|Any CPU
		{45F2F190-4671-4787-8015-DBD87E20558B}.AppStore|iPhoneSimulator.ActiveCfg = Release|Any CPU
		{45F2F190-4671-4787-8015-DBD87E20558B}.AppStore|iPhoneSimulator.Build.0 = Release|Any CPU
		{45F2F190-4671-4787-8015-DBD87E20558B}.AppStore|iPhoneSimulator.Deploy.0 = Release|Any CPU
		{45F2F190-4671-4787-8015-DBD87E20558B}.Debug|Any CPU.ActiveCfg = Debug|Any CPU
		{45F2F190-4671-4787-8015-DBD87E20558B}.Debug|Any CPU.Build.0 = Debug|Any CPU
		{45F2F190-4671-4787-8015-DBD87E20558B}.Debug|Any CPU.Deploy.0 = Debug|Any CPU
		{45F2F190-4671-4787-8015-DBD87E20558B}.Debug|iPhone.ActiveCfg = Debug|Any CPU
		{45F2F190-4671-4787-8015-DBD87E20558B}.Debug|iPhone.Build.0 = Debug|Any CPU
		{45F2F190-4671-4787-8015-DBD87E20558B}.Debug|iPhone.Deploy.0 = Debug|Any CPU
		{45F2F190-4671-4787-8015-DBD87E20558B}.Debug|iPhoneSimulator.ActiveCfg = Debug|Any CPU
		{45F2F190-4671-4787-8015-DBD87E20558B}.Debug|iPhoneSimulator.Build.0 = Debug|Any CPU
		{45F2F190-4671-4787-8015-DBD87E20558B}.Debug|iPhoneSimulator.Deploy.0 = Debug|Any CPU
		{45F2F190-4671-4787-8015-DBD87E20558B}.Release|Any CPU.ActiveCfg = Release|Any CPU
		{45F2F190-4671-4787-8015-DBD87E20558B}.Release|Any CPU.Build.0 = Release|Any CPU
		{45F2F190-4671-4787-8015-DBD87E20558B}.Release|Any CPU.Deploy.0 = Release|Any CPU
		{45F2F190-4671-4787-8015-DBD87E20558B}.Release|iPhone.ActiveCfg = Release|Any CPU
		{45F2F190-4671-4787-8015-DBD87E20558B}.Release|iPhone.Build.0 = Release|Any CPU
		{45F2F190-4671-4787-8015-DBD87E20558B}.Release|iPhone.Deploy.0 = Release|Any CPU
		{45F2F190-4671-4787-8015-DBD87E20558B}.Release|iPhoneSimulator.ActiveCfg = Release|Any CPU
		{45F2F190-4671-4787-8015-DBD87E20558B}.Release|iPhoneSimulator.Build.0 = Release|Any CPU
		{45F2F190-4671-4787-8015-DBD87E20558B}.Release|iPhoneSimulator.Deploy.0 = Release|Any CPU
		{8E037867-4337-4DDA-B13E-A077EF3D80C8}.Ad-Hoc|Any CPU.ActiveCfg = Ad-Hoc|iPhone
		{8E037867-4337-4DDA-B13E-A077EF3D80C8}.Ad-Hoc|iPhone.ActiveCfg = Ad-Hoc|iPhone
		{8E037867-4337-4DDA-B13E-A077EF3D80C8}.Ad-Hoc|iPhone.Build.0 = Ad-Hoc|iPhone
		{8E037867-4337-4DDA-B13E-A077EF3D80C8}.Ad-Hoc|iPhoneSimulator.ActiveCfg = Ad-Hoc|iPhoneSimulator
		{8E037867-4337-4DDA-B13E-A077EF3D80C8}.Ad-Hoc|iPhoneSimulator.Build.0 = Ad-Hoc|iPhoneSimulator
		{8E037867-4337-4DDA-B13E-A077EF3D80C8}.AppStore|Any CPU.ActiveCfg = AppStore|iPhone
		{8E037867-4337-4DDA-B13E-A077EF3D80C8}.AppStore|iPhone.ActiveCfg = AppStore|iPhone
		{8E037867-4337-4DDA-B13E-A077EF3D80C8}.AppStore|iPhone.Build.0 = AppStore|iPhone
		{8E037867-4337-4DDA-B13E-A077EF3D80C8}.AppStore|iPhoneSimulator.ActiveCfg = AppStore|iPhoneSimulator
		{8E037867-4337-4DDA-B13E-A077EF3D80C8}.AppStore|iPhoneSimulator.Build.0 = AppStore|iPhoneSimulator
		{8E037867-4337-4DDA-B13E-A077EF3D80C8}.Debug|Any CPU.ActiveCfg = Debug|iPhone
		{8E037867-4337-4DDA-B13E-A077EF3D80C8}.Debug|iPhone.ActiveCfg = Debug|iPhone
		{8E037867-4337-4DDA-B13E-A077EF3D80C8}.Debug|iPhone.Build.0 = Debug|iPhone
		{8E037867-4337-4DDA-B13E-A077EF3D80C8}.Debug|iPhone.Deploy.0 = Debug|iPhone
		{8E037867-4337-4DDA-B13E-A077EF3D80C8}.Debug|iPhoneSimulator.ActiveCfg = Debug|iPhoneSimulator
		{8E037867-4337-4DDA-B13E-A077EF3D80C8}.Debug|iPhoneSimulator.Build.0 = Debug|iPhoneSimulator
		{8E037867-4337-4DDA-B13E-A077EF3D80C8}.Release|Any CPU.ActiveCfg = Release|iPhone
		{8E037867-4337-4DDA-B13E-A077EF3D80C8}.Release|iPhone.ActiveCfg = Release|iPhone
		{8E037867-4337-4DDA-B13E-A077EF3D80C8}.Release|iPhone.Build.0 = Release|iPhone
		{8E037867-4337-4DDA-B13E-A077EF3D80C8}.Release|iPhoneSimulator.ActiveCfg = Release|iPhoneSimulator
		{8E037867-4337-4DDA-B13E-A077EF3D80C8}.Release|iPhoneSimulator.Build.0 = Release|iPhoneSimulator
		{2AA77393-0B80-4BAC-BCC7-1FF0F19AA079}.Ad-Hoc|Any CPU.ActiveCfg = Release|Any CPU
		{2AA77393-0B80-4BAC-BCC7-1FF0F19AA079}.Ad-Hoc|Any CPU.Build.0 = Release|Any CPU
		{2AA77393-0B80-4BAC-BCC7-1FF0F19AA079}.Ad-Hoc|Any CPU.Deploy.0 = Release|Any CPU
		{2AA77393-0B80-4BAC-BCC7-1FF0F19AA079}.Ad-Hoc|iPhone.ActiveCfg = Release|Any CPU
		{2AA77393-0B80-4BAC-BCC7-1FF0F19AA079}.Ad-Hoc|iPhone.Build.0 = Release|Any CPU
		{2AA77393-0B80-4BAC-BCC7-1FF0F19AA079}.Ad-Hoc|iPhone.Deploy.0 = Release|Any CPU
		{2AA77393-0B80-4BAC-BCC7-1FF0F19AA079}.Ad-Hoc|iPhoneSimulator.ActiveCfg = Release|Any CPU
		{2AA77393-0B80-4BAC-BCC7-1FF0F19AA079}.Ad-Hoc|iPhoneSimulator.Build.0 = Release|Any CPU
		{2AA77393-0B80-4BAC-BCC7-1FF0F19AA079}.Ad-Hoc|iPhoneSimulator.Deploy.0 = Release|Any CPU
		{2AA77393-0B80-4BAC-BCC7-1FF0F19AA079}.AppStore|Any CPU.ActiveCfg = Release|Any CPU
		{2AA77393-0B80-4BAC-BCC7-1FF0F19AA079}.AppStore|Any CPU.Build.0 = Release|Any CPU
		{2AA77393-0B80-4BAC-BCC7-1FF0F19AA079}.AppStore|Any CPU.Deploy.0 = Release|Any CPU
		{2AA77393-0B80-4BAC-BCC7-1FF0F19AA079}.AppStore|iPhone.ActiveCfg = Release|Any CPU
		{2AA77393-0B80-4BAC-BCC7-1FF0F19AA079}.AppStore|iPhone.Build.0 = Release|Any CPU
		{2AA77393-0B80-4BAC-BCC7-1FF0F19AA079}.AppStore|iPhone.Deploy.0 = Release|Any CPU
		{2AA77393-0B80-4BAC-BCC7-1FF0F19AA079}.AppStore|iPhoneSimulator.ActiveCfg = Release|Any CPU
		{2AA77393-0B80-4BAC-BCC7-1FF0F19AA079}.AppStore|iPhoneSimulator.Build.0 = Release|Any CPU
		{2AA77393-0B80-4BAC-BCC7-1FF0F19AA079}.AppStore|iPhoneSimulator.Deploy.0 = Release|Any CPU
		{2AA77393-0B80-4BAC-BCC7-1FF0F19AA079}.Debug|Any CPU.ActiveCfg = Debug|Any CPU
		{2AA77393-0B80-4BAC-BCC7-1FF0F19AA079}.Debug|Any CPU.Build.0 = Debug|Any CPU
		{2AA77393-0B80-4BAC-BCC7-1FF0F19AA079}.Debug|Any CPU.Deploy.0 = Debug|Any CPU
		{2AA77393-0B80-4BAC-BCC7-1FF0F19AA079}.Debug|iPhone.ActiveCfg = Debug|Any CPU
		{2AA77393-0B80-4BAC-BCC7-1FF0F19AA079}.Debug|iPhone.Build.0 = Debug|Any CPU
		{2AA77393-0B80-4BAC-BCC7-1FF0F19AA079}.Debug|iPhone.Deploy.0 = Debug|Any CPU
		{2AA77393-0B80-4BAC-BCC7-1FF0F19AA079}.Debug|iPhoneSimulator.ActiveCfg = Debug|Any CPU
		{2AA77393-0B80-4BAC-BCC7-1FF0F19AA079}.Debug|iPhoneSimulator.Build.0 = Debug|Any CPU
		{2AA77393-0B80-4BAC-BCC7-1FF0F19AA079}.Debug|iPhoneSimulator.Deploy.0 = Debug|Any CPU
		{2AA77393-0B80-4BAC-BCC7-1FF0F19AA079}.Release|Any CPU.ActiveCfg = Release|Any CPU
		{2AA77393-0B80-4BAC-BCC7-1FF0F19AA079}.Release|Any CPU.Build.0 = Release|Any CPU
		{2AA77393-0B80-4BAC-BCC7-1FF0F19AA079}.Release|Any CPU.Deploy.0 = Release|Any CPU
		{2AA77393-0B80-4BAC-BCC7-1FF0F19AA079}.Release|iPhone.ActiveCfg = Release|Any CPU
		{2AA77393-0B80-4BAC-BCC7-1FF0F19AA079}.Release|iPhone.Build.0 = Release|Any CPU
		{2AA77393-0B80-4BAC-BCC7-1FF0F19AA079}.Release|iPhone.Deploy.0 = Release|Any CPU
		{2AA77393-0B80-4BAC-BCC7-1FF0F19AA079}.Release|iPhoneSimulator.ActiveCfg = Release|Any CPU
		{2AA77393-0B80-4BAC-BCC7-1FF0F19AA079}.Release|iPhoneSimulator.Build.0 = Release|Any CPU
		{2AA77393-0B80-4BAC-BCC7-1FF0F19AA079}.Release|iPhoneSimulator.Deploy.0 = Release|Any CPU
		{5BA73FD6-CADC-4847-A280-B41FDC31639C}.Ad-Hoc|Any CPU.ActiveCfg = Ad-Hoc|iPhone
		{5BA73FD6-CADC-4847-A280-B41FDC31639C}.Ad-Hoc|iPhone.ActiveCfg = Ad-Hoc|iPhone
		{5BA73FD6-CADC-4847-A280-B41FDC31639C}.Ad-Hoc|iPhone.Build.0 = Ad-Hoc|iPhone
		{5BA73FD6-CADC-4847-A280-B41FDC31639C}.Ad-Hoc|iPhoneSimulator.ActiveCfg = Ad-Hoc|iPhoneSimulator
		{5BA73FD6-CADC-4847-A280-B41FDC31639C}.Ad-Hoc|iPhoneSimulator.Build.0 = Ad-Hoc|iPhoneSimulator
		{5BA73FD6-CADC-4847-A280-B41FDC31639C}.AppStore|Any CPU.ActiveCfg = AppStore|iPhone
		{5BA73FD6-CADC-4847-A280-B41FDC31639C}.AppStore|iPhone.ActiveCfg = AppStore|iPhone
		{5BA73FD6-CADC-4847-A280-B41FDC31639C}.AppStore|iPhone.Build.0 = AppStore|iPhone
		{5BA73FD6-CADC-4847-A280-B41FDC31639C}.AppStore|iPhoneSimulator.ActiveCfg = AppStore|iPhoneSimulator
		{5BA73FD6-CADC-4847-A280-B41FDC31639C}.AppStore|iPhoneSimulator.Build.0 = AppStore|iPhoneSimulator
		{5BA73FD6-CADC-4847-A280-B41FDC31639C}.Debug|Any CPU.ActiveCfg = Debug|iPhone
		{5BA73FD6-CADC-4847-A280-B41FDC31639C}.Debug|iPhone.ActiveCfg = Debug|iPhone
		{5BA73FD6-CADC-4847-A280-B41FDC31639C}.Debug|iPhone.Build.0 = Debug|iPhone
		{5BA73FD6-CADC-4847-A280-B41FDC31639C}.Debug|iPhone.Deploy.0 = Debug|iPhone
		{5BA73FD6-CADC-4847-A280-B41FDC31639C}.Debug|iPhoneSimulator.ActiveCfg = Debug|iPhoneSimulator
		{5BA73FD6-CADC-4847-A280-B41FDC31639C}.Debug|iPhoneSimulator.Build.0 = Debug|iPhoneSimulator
		{5BA73FD6-CADC-4847-A280-B41FDC31639C}.Release|Any CPU.ActiveCfg = Release|iPhone
		{5BA73FD6-CADC-4847-A280-B41FDC31639C}.Release|iPhone.ActiveCfg = Release|iPhone
		{5BA73FD6-CADC-4847-A280-B41FDC31639C}.Release|iPhone.Build.0 = Release|iPhone
		{5BA73FD6-CADC-4847-A280-B41FDC31639C}.Release|iPhoneSimulator.ActiveCfg = Release|iPhoneSimulator
		{5BA73FD6-CADC-4847-A280-B41FDC31639C}.Release|iPhoneSimulator.Build.0 = Release|iPhoneSimulator
		{02867B8D-7E36-4952-ABDF-C6F060F17840}.Ad-Hoc|Any CPU.ActiveCfg = Release|Any CPU
		{02867B8D-7E36-4952-ABDF-C6F060F17840}.Ad-Hoc|Any CPU.Build.0 = Release|Any CPU
		{02867B8D-7E36-4952-ABDF-C6F060F17840}.Ad-Hoc|Any CPU.Deploy.0 = Release|Any CPU
		{02867B8D-7E36-4952-ABDF-C6F060F17840}.Ad-Hoc|iPhone.ActiveCfg = Release|Any CPU
		{02867B8D-7E36-4952-ABDF-C6F060F17840}.Ad-Hoc|iPhone.Build.0 = Release|Any CPU
		{02867B8D-7E36-4952-ABDF-C6F060F17840}.Ad-Hoc|iPhone.Deploy.0 = Release|Any CPU
		{02867B8D-7E36-4952-ABDF-C6F060F17840}.Ad-Hoc|iPhoneSimulator.ActiveCfg = Release|Any CPU
		{02867B8D-7E36-4952-ABDF-C6F060F17840}.Ad-Hoc|iPhoneSimulator.Build.0 = Release|Any CPU
		{02867B8D-7E36-4952-ABDF-C6F060F17840}.Ad-Hoc|iPhoneSimulator.Deploy.0 = Release|Any CPU
		{02867B8D-7E36-4952-ABDF-C6F060F17840}.AppStore|Any CPU.ActiveCfg = Release|Any CPU
		{02867B8D-7E36-4952-ABDF-C6F060F17840}.AppStore|Any CPU.Build.0 = Release|Any CPU
		{02867B8D-7E36-4952-ABDF-C6F060F17840}.AppStore|Any CPU.Deploy.0 = Release|Any CPU
		{02867B8D-7E36-4952-ABDF-C6F060F17840}.AppStore|iPhone.ActiveCfg = Release|Any CPU
		{02867B8D-7E36-4952-ABDF-C6F060F17840}.AppStore|iPhone.Build.0 = Release|Any CPU
		{02867B8D-7E36-4952-ABDF-C6F060F17840}.AppStore|iPhone.Deploy.0 = Release|Any CPU
		{02867B8D-7E36-4952-ABDF-C6F060F17840}.AppStore|iPhoneSimulator.ActiveCfg = Release|Any CPU
		{02867B8D-7E36-4952-ABDF-C6F060F17840}.AppStore|iPhoneSimulator.Build.0 = Release|Any CPU
		{02867B8D-7E36-4952-ABDF-C6F060F17840}.AppStore|iPhoneSimulator.Deploy.0 = Release|Any CPU
		{02867B8D-7E36-4952-ABDF-C6F060F17840}.Debug|Any CPU.ActiveCfg = Debug|Any CPU
		{02867B8D-7E36-4952-ABDF-C6F060F17840}.Debug|Any CPU.Build.0 = Debug|Any CPU
		{02867B8D-7E36-4952-ABDF-C6F060F17840}.Debug|Any CPU.Deploy.0 = Debug|Any CPU
		{02867B8D-7E36-4952-ABDF-C6F060F17840}.Debug|iPhone.ActiveCfg = Debug|Any CPU
		{02867B8D-7E36-4952-ABDF-C6F060F17840}.Debug|iPhone.Build.0 = Debug|Any CPU
		{02867B8D-7E36-4952-ABDF-C6F060F17840}.Debug|iPhone.Deploy.0 = Debug|Any CPU
		{02867B8D-7E36-4952-ABDF-C6F060F17840}.Debug|iPhoneSimulator.ActiveCfg = Debug|Any CPU
		{02867B8D-7E36-4952-ABDF-C6F060F17840}.Debug|iPhoneSimulator.Build.0 = Debug|Any CPU
		{02867B8D-7E36-4952-ABDF-C6F060F17840}.Debug|iPhoneSimulator.Deploy.0 = Debug|Any CPU
		{02867B8D-7E36-4952-ABDF-C6F060F17840}.Release|Any CPU.ActiveCfg = Release|Any CPU
		{02867B8D-7E36-4952-ABDF-C6F060F17840}.Release|Any CPU.Build.0 = Release|Any CPU
		{02867B8D-7E36-4952-ABDF-C6F060F17840}.Release|Any CPU.Deploy.0 = Release|Any CPU
		{02867B8D-7E36-4952-ABDF-C6F060F17840}.Release|iPhone.ActiveCfg = Release|Any CPU
		{02867B8D-7E36-4952-ABDF-C6F060F17840}.Release|iPhone.Build.0 = Release|Any CPU
		{02867B8D-7E36-4952-ABDF-C6F060F17840}.Release|iPhone.Deploy.0 = Release|Any CPU
		{02867B8D-7E36-4952-ABDF-C6F060F17840}.Release|iPhoneSimulator.ActiveCfg = Release|Any CPU
		{02867B8D-7E36-4952-ABDF-C6F060F17840}.Release|iPhoneSimulator.Build.0 = Release|Any CPU
		{02867B8D-7E36-4952-ABDF-C6F060F17840}.Release|iPhoneSimulator.Deploy.0 = Release|Any CPU
		{B24B0309-BE04-4791-8A2B-1E167215B738}.Ad-Hoc|Any CPU.ActiveCfg = Ad-Hoc|iPhone
		{B24B0309-BE04-4791-8A2B-1E167215B738}.Ad-Hoc|iPhone.ActiveCfg = Ad-Hoc|iPhone
		{B24B0309-BE04-4791-8A2B-1E167215B738}.Ad-Hoc|iPhone.Build.0 = Ad-Hoc|iPhone
		{B24B0309-BE04-4791-8A2B-1E167215B738}.Ad-Hoc|iPhoneSimulator.ActiveCfg = Ad-Hoc|iPhoneSimulator
		{B24B0309-BE04-4791-8A2B-1E167215B738}.Ad-Hoc|iPhoneSimulator.Build.0 = Ad-Hoc|iPhoneSimulator
		{B24B0309-BE04-4791-8A2B-1E167215B738}.AppStore|Any CPU.ActiveCfg = AppStore|iPhone
		{B24B0309-BE04-4791-8A2B-1E167215B738}.AppStore|iPhone.ActiveCfg = AppStore|iPhone
		{B24B0309-BE04-4791-8A2B-1E167215B738}.AppStore|iPhone.Build.0 = AppStore|iPhone
		{B24B0309-BE04-4791-8A2B-1E167215B738}.AppStore|iPhoneSimulator.ActiveCfg = AppStore|iPhoneSimulator
		{B24B0309-BE04-4791-8A2B-1E167215B738}.AppStore|iPhoneSimulator.Build.0 = AppStore|iPhoneSimulator
		{B24B0309-BE04-4791-8A2B-1E167215B738}.Debug|Any CPU.ActiveCfg = Debug|iPhone
		{B24B0309-BE04-4791-8A2B-1E167215B738}.Debug|iPhone.ActiveCfg = Debug|iPhone
		{B24B0309-BE04-4791-8A2B-1E167215B738}.Debug|iPhone.Build.0 = Debug|iPhone
		{B24B0309-BE04-4791-8A2B-1E167215B738}.Debug|iPhone.Deploy.0 = Debug|iPhone
		{B24B0309-BE04-4791-8A2B-1E167215B738}.Debug|iPhoneSimulator.ActiveCfg = Debug|iPhoneSimulator
		{B24B0309-BE04-4791-8A2B-1E167215B738}.Debug|iPhoneSimulator.Build.0 = Debug|iPhoneSimulator
		{B24B0309-BE04-4791-8A2B-1E167215B738}.Release|Any CPU.ActiveCfg = Release|iPhone
		{B24B0309-BE04-4791-8A2B-1E167215B738}.Release|iPhone.ActiveCfg = Release|iPhone
		{B24B0309-BE04-4791-8A2B-1E167215B738}.Release|iPhone.Build.0 = Release|iPhone
		{B24B0309-BE04-4791-8A2B-1E167215B738}.Release|iPhoneSimulator.ActiveCfg = Release|iPhoneSimulator
		{B24B0309-BE04-4791-8A2B-1E167215B738}.Release|iPhoneSimulator.Build.0 = Release|iPhoneSimulator
		{81FC88AB-CF50-4509-B9C0-4A78B80F1C4B}.Ad-Hoc|Any CPU.ActiveCfg = Release|Any CPU
		{81FC88AB-CF50-4509-B9C0-4A78B80F1C4B}.Ad-Hoc|Any CPU.Build.0 = Release|Any CPU
		{81FC88AB-CF50-4509-B9C0-4A78B80F1C4B}.Ad-Hoc|Any CPU.Deploy.0 = Release|Any CPU
		{81FC88AB-CF50-4509-B9C0-4A78B80F1C4B}.Ad-Hoc|iPhone.ActiveCfg = Release|Any CPU
		{81FC88AB-CF50-4509-B9C0-4A78B80F1C4B}.Ad-Hoc|iPhone.Build.0 = Release|Any CPU
		{81FC88AB-CF50-4509-B9C0-4A78B80F1C4B}.Ad-Hoc|iPhone.Deploy.0 = Release|Any CPU
		{81FC88AB-CF50-4509-B9C0-4A78B80F1C4B}.Ad-Hoc|iPhoneSimulator.ActiveCfg = Release|Any CPU
		{81FC88AB-CF50-4509-B9C0-4A78B80F1C4B}.Ad-Hoc|iPhoneSimulator.Build.0 = Release|Any CPU
		{81FC88AB-CF50-4509-B9C0-4A78B80F1C4B}.Ad-Hoc|iPhoneSimulator.Deploy.0 = Release|Any CPU
		{81FC88AB-CF50-4509-B9C0-4A78B80F1C4B}.AppStore|Any CPU.ActiveCfg = Release|Any CPU
		{81FC88AB-CF50-4509-B9C0-4A78B80F1C4B}.AppStore|Any CPU.Build.0 = Release|Any CPU
		{81FC88AB-CF50-4509-B9C0-4A78B80F1C4B}.AppStore|Any CPU.Deploy.0 = Release|Any CPU
		{81FC88AB-CF50-4509-B9C0-4A78B80F1C4B}.AppStore|iPhone.ActiveCfg = Release|Any CPU
		{81FC88AB-CF50-4509-B9C0-4A78B80F1C4B}.AppStore|iPhone.Build.0 = Release|Any CPU
		{81FC88AB-CF50-4509-B9C0-4A78B80F1C4B}.AppStore|iPhone.Deploy.0 = Release|Any CPU
		{81FC88AB-CF50-4509-B9C0-4A78B80F1C4B}.AppStore|iPhoneSimulator.ActiveCfg = Release|Any CPU
		{81FC88AB-CF50-4509-B9C0-4A78B80F1C4B}.AppStore|iPhoneSimulator.Build.0 = Release|Any CPU
		{81FC88AB-CF50-4509-B9C0-4A78B80F1C4B}.AppStore|iPhoneSimulator.Deploy.0 = Release|Any CPU
		{81FC88AB-CF50-4509-B9C0-4A78B80F1C4B}.Debug|Any CPU.ActiveCfg = Debug|Any CPU
		{81FC88AB-CF50-4509-B9C0-4A78B80F1C4B}.Debug|Any CPU.Build.0 = Debug|Any CPU
		{81FC88AB-CF50-4509-B9C0-4A78B80F1C4B}.Debug|Any CPU.Deploy.0 = Debug|Any CPU
		{81FC88AB-CF50-4509-B9C0-4A78B80F1C4B}.Debug|iPhone.ActiveCfg = Debug|Any CPU
		{81FC88AB-CF50-4509-B9C0-4A78B80F1C4B}.Debug|iPhone.Build.0 = Debug|Any CPU
		{81FC88AB-CF50-4509-B9C0-4A78B80F1C4B}.Debug|iPhone.Deploy.0 = Debug|Any CPU
		{81FC88AB-CF50-4509-B9C0-4A78B80F1C4B}.Debug|iPhoneSimulator.ActiveCfg = Debug|Any CPU
		{81FC88AB-CF50-4509-B9C0-4A78B80F1C4B}.Debug|iPhoneSimulator.Build.0 = Debug|Any CPU
		{81FC88AB-CF50-4509-B9C0-4A78B80F1C4B}.Debug|iPhoneSimulator.Deploy.0 = Debug|Any CPU
		{81FC88AB-CF50-4509-B9C0-4A78B80F1C4B}.Release|Any CPU.ActiveCfg = Release|Any CPU
		{81FC88AB-CF50-4509-B9C0-4A78B80F1C4B}.Release|Any CPU.Build.0 = Release|Any CPU
		{81FC88AB-CF50-4509-B9C0-4A78B80F1C4B}.Release|Any CPU.Deploy.0 = Release|Any CPU
		{81FC88AB-CF50-4509-B9C0-4A78B80F1C4B}.Release|iPhone.ActiveCfg = Release|Any CPU
		{81FC88AB-CF50-4509-B9C0-4A78B80F1C4B}.Release|iPhone.Build.0 = Release|Any CPU
		{81FC88AB-CF50-4509-B9C0-4A78B80F1C4B}.Release|iPhone.Deploy.0 = Release|Any CPU
		{81FC88AB-CF50-4509-B9C0-4A78B80F1C4B}.Release|iPhoneSimulator.ActiveCfg = Release|Any CPU
		{81FC88AB-CF50-4509-B9C0-4A78B80F1C4B}.Release|iPhoneSimulator.Build.0 = Release|Any CPU
		{81FC88AB-CF50-4509-B9C0-4A78B80F1C4B}.Release|iPhoneSimulator.Deploy.0 = Release|Any CPU
		{7194034D-068F-46EA-BC19-FE76B51D9FA0}.Ad-Hoc|Any CPU.ActiveCfg = Ad-Hoc|iPhone
		{7194034D-068F-46EA-BC19-FE76B51D9FA0}.Ad-Hoc|iPhone.ActiveCfg = Ad-Hoc|iPhone
		{7194034D-068F-46EA-BC19-FE76B51D9FA0}.Ad-Hoc|iPhone.Build.0 = Ad-Hoc|iPhone
		{7194034D-068F-46EA-BC19-FE76B51D9FA0}.Ad-Hoc|iPhoneSimulator.ActiveCfg = Ad-Hoc|iPhoneSimulator
		{7194034D-068F-46EA-BC19-FE76B51D9FA0}.Ad-Hoc|iPhoneSimulator.Build.0 = Ad-Hoc|iPhoneSimulator
		{7194034D-068F-46EA-BC19-FE76B51D9FA0}.AppStore|Any CPU.ActiveCfg = AppStore|iPhone
		{7194034D-068F-46EA-BC19-FE76B51D9FA0}.AppStore|iPhone.ActiveCfg = AppStore|iPhone
		{7194034D-068F-46EA-BC19-FE76B51D9FA0}.AppStore|iPhone.Build.0 = AppStore|iPhone
		{7194034D-068F-46EA-BC19-FE76B51D9FA0}.AppStore|iPhoneSimulator.ActiveCfg = AppStore|iPhoneSimulator
		{7194034D-068F-46EA-BC19-FE76B51D9FA0}.AppStore|iPhoneSimulator.Build.0 = AppStore|iPhoneSimulator
		{7194034D-068F-46EA-BC19-FE76B51D9FA0}.Debug|Any CPU.ActiveCfg = Debug|iPhone
		{7194034D-068F-46EA-BC19-FE76B51D9FA0}.Debug|iPhone.ActiveCfg = Debug|iPhone
		{7194034D-068F-46EA-BC19-FE76B51D9FA0}.Debug|iPhone.Build.0 = Debug|iPhone
		{7194034D-068F-46EA-BC19-FE76B51D9FA0}.Debug|iPhone.Deploy.0 = Debug|iPhone
		{7194034D-068F-46EA-BC19-FE76B51D9FA0}.Debug|iPhoneSimulator.ActiveCfg = Debug|iPhoneSimulator
		{7194034D-068F-46EA-BC19-FE76B51D9FA0}.Debug|iPhoneSimulator.Build.0 = Debug|iPhoneSimulator
		{7194034D-068F-46EA-BC19-FE76B51D9FA0}.Release|Any CPU.ActiveCfg = Release|iPhone
		{7194034D-068F-46EA-BC19-FE76B51D9FA0}.Release|iPhone.ActiveCfg = Release|iPhone
		{7194034D-068F-46EA-BC19-FE76B51D9FA0}.Release|iPhone.Build.0 = Release|iPhone
		{7194034D-068F-46EA-BC19-FE76B51D9FA0}.Release|iPhoneSimulator.ActiveCfg = Release|iPhoneSimulator
		{7194034D-068F-46EA-BC19-FE76B51D9FA0}.Release|iPhoneSimulator.Build.0 = Release|iPhoneSimulator
		{FF632E32-38AB-487D-A776-E247B9C972CE}.Ad-Hoc|Any CPU.ActiveCfg = Debug|Any CPU
		{FF632E32-38AB-487D-A776-E247B9C972CE}.Ad-Hoc|Any CPU.Build.0 = Debug|Any CPU
		{FF632E32-38AB-487D-A776-E247B9C972CE}.Ad-Hoc|iPhone.ActiveCfg = Debug|Any CPU
		{FF632E32-38AB-487D-A776-E247B9C972CE}.Ad-Hoc|iPhone.Build.0 = Debug|Any CPU
		{FF632E32-38AB-487D-A776-E247B9C972CE}.Ad-Hoc|iPhoneSimulator.ActiveCfg = Debug|Any CPU
		{FF632E32-38AB-487D-A776-E247B9C972CE}.Ad-Hoc|iPhoneSimulator.Build.0 = Debug|Any CPU
		{FF632E32-38AB-487D-A776-E247B9C972CE}.AppStore|Any CPU.ActiveCfg = Debug|Any CPU
		{FF632E32-38AB-487D-A776-E247B9C972CE}.AppStore|Any CPU.Build.0 = Debug|Any CPU
		{FF632E32-38AB-487D-A776-E247B9C972CE}.AppStore|iPhone.ActiveCfg = Debug|Any CPU
		{FF632E32-38AB-487D-A776-E247B9C972CE}.AppStore|iPhone.Build.0 = Debug|Any CPU
		{FF632E32-38AB-487D-A776-E247B9C972CE}.AppStore|iPhoneSimulator.ActiveCfg = Debug|Any CPU
		{FF632E32-38AB-487D-A776-E247B9C972CE}.AppStore|iPhoneSimulator.Build.0 = Debug|Any CPU
		{FF632E32-38AB-487D-A776-E247B9C972CE}.Debug|Any CPU.ActiveCfg = Debug|Any CPU
		{FF632E32-38AB-487D-A776-E247B9C972CE}.Debug|Any CPU.Build.0 = Debug|Any CPU
		{FF632E32-38AB-487D-A776-E247B9C972CE}.Debug|iPhone.ActiveCfg = Debug|Any CPU
		{FF632E32-38AB-487D-A776-E247B9C972CE}.Debug|iPhone.Build.0 = Debug|Any CPU
		{FF632E32-38AB-487D-A776-E247B9C972CE}.Debug|iPhoneSimulator.ActiveCfg = Debug|Any CPU
		{FF632E32-38AB-487D-A776-E247B9C972CE}.Debug|iPhoneSimulator.Build.0 = Debug|Any CPU
		{FF632E32-38AB-487D-A776-E247B9C972CE}.Release|Any CPU.ActiveCfg = Release|Any CPU
		{FF632E32-38AB-487D-A776-E247B9C972CE}.Release|Any CPU.Build.0 = Release|Any CPU
		{FF632E32-38AB-487D-A776-E247B9C972CE}.Release|iPhone.ActiveCfg = Release|Any CPU
		{FF632E32-38AB-487D-A776-E247B9C972CE}.Release|iPhone.Build.0 = Release|Any CPU
		{FF632E32-38AB-487D-A776-E247B9C972CE}.Release|iPhoneSimulator.ActiveCfg = Release|Any CPU
		{FF632E32-38AB-487D-A776-E247B9C972CE}.Release|iPhoneSimulator.Build.0 = Release|Any CPU
		{A48E4CE6-DA61-429A-A154-9271A5910FCC}.Ad-Hoc|Any CPU.ActiveCfg = Release|Any CPU
		{A48E4CE6-DA61-429A-A154-9271A5910FCC}.Ad-Hoc|Any CPU.Build.0 = Release|Any CPU
		{A48E4CE6-DA61-429A-A154-9271A5910FCC}.Ad-Hoc|Any CPU.Deploy.0 = Release|Any CPU
		{A48E4CE6-DA61-429A-A154-9271A5910FCC}.Ad-Hoc|iPhone.ActiveCfg = Release|Any CPU
		{A48E4CE6-DA61-429A-A154-9271A5910FCC}.Ad-Hoc|iPhone.Build.0 = Release|Any CPU
		{A48E4CE6-DA61-429A-A154-9271A5910FCC}.Ad-Hoc|iPhone.Deploy.0 = Release|Any CPU
		{A48E4CE6-DA61-429A-A154-9271A5910FCC}.Ad-Hoc|iPhoneSimulator.ActiveCfg = Release|Any CPU
		{A48E4CE6-DA61-429A-A154-9271A5910FCC}.Ad-Hoc|iPhoneSimulator.Build.0 = Release|Any CPU
		{A48E4CE6-DA61-429A-A154-9271A5910FCC}.Ad-Hoc|iPhoneSimulator.Deploy.0 = Release|Any CPU
		{A48E4CE6-DA61-429A-A154-9271A5910FCC}.AppStore|Any CPU.ActiveCfg = Release|Any CPU
		{A48E4CE6-DA61-429A-A154-9271A5910FCC}.AppStore|Any CPU.Build.0 = Release|Any CPU
		{A48E4CE6-DA61-429A-A154-9271A5910FCC}.AppStore|Any CPU.Deploy.0 = Release|Any CPU
		{A48E4CE6-DA61-429A-A154-9271A5910FCC}.AppStore|iPhone.ActiveCfg = Release|Any CPU
		{A48E4CE6-DA61-429A-A154-9271A5910FCC}.AppStore|iPhone.Build.0 = Release|Any CPU
		{A48E4CE6-DA61-429A-A154-9271A5910FCC}.AppStore|iPhone.Deploy.0 = Release|Any CPU
		{A48E4CE6-DA61-429A-A154-9271A5910FCC}.AppStore|iPhoneSimulator.ActiveCfg = Release|Any CPU
		{A48E4CE6-DA61-429A-A154-9271A5910FCC}.AppStore|iPhoneSimulator.Build.0 = Release|Any CPU
		{A48E4CE6-DA61-429A-A154-9271A5910FCC}.AppStore|iPhoneSimulator.Deploy.0 = Release|Any CPU
		{A48E4CE6-DA61-429A-A154-9271A5910FCC}.Debug|Any CPU.ActiveCfg = Debug|Any CPU
		{A48E4CE6-DA61-429A-A154-9271A5910FCC}.Debug|Any CPU.Build.0 = Debug|Any CPU
		{A48E4CE6-DA61-429A-A154-9271A5910FCC}.Debug|Any CPU.Deploy.0 = Debug|Any CPU
		{A48E4CE6-DA61-429A-A154-9271A5910FCC}.Debug|iPhone.ActiveCfg = Debug|Any CPU
		{A48E4CE6-DA61-429A-A154-9271A5910FCC}.Debug|iPhone.Build.0 = Debug|Any CPU
		{A48E4CE6-DA61-429A-A154-9271A5910FCC}.Debug|iPhone.Deploy.0 = Debug|Any CPU
		{A48E4CE6-DA61-429A-A154-9271A5910FCC}.Debug|iPhoneSimulator.ActiveCfg = Debug|Any CPU
		{A48E4CE6-DA61-429A-A154-9271A5910FCC}.Debug|iPhoneSimulator.Build.0 = Debug|Any CPU
		{A48E4CE6-DA61-429A-A154-9271A5910FCC}.Debug|iPhoneSimulator.Deploy.0 = Debug|Any CPU
		{A48E4CE6-DA61-429A-A154-9271A5910FCC}.Release|Any CPU.ActiveCfg = Release|Any CPU
		{A48E4CE6-DA61-429A-A154-9271A5910FCC}.Release|Any CPU.Build.0 = Release|Any CPU
		{A48E4CE6-DA61-429A-A154-9271A5910FCC}.Release|Any CPU.Deploy.0 = Release|Any CPU
		{A48E4CE6-DA61-429A-A154-9271A5910FCC}.Release|iPhone.ActiveCfg = Release|Any CPU
		{A48E4CE6-DA61-429A-A154-9271A5910FCC}.Release|iPhone.Build.0 = Release|Any CPU
		{A48E4CE6-DA61-429A-A154-9271A5910FCC}.Release|iPhone.Deploy.0 = Release|Any CPU
		{A48E4CE6-DA61-429A-A154-9271A5910FCC}.Release|iPhoneSimulator.ActiveCfg = Release|Any CPU
		{A48E4CE6-DA61-429A-A154-9271A5910FCC}.Release|iPhoneSimulator.Build.0 = Release|Any CPU
		{A48E4CE6-DA61-429A-A154-9271A5910FCC}.Release|iPhoneSimulator.Deploy.0 = Release|Any CPU
		{0A24A683-9395-4C6D-83CD-16FDDAA948A8}.Ad-Hoc|Any CPU.ActiveCfg = Release|iPhone
		{0A24A683-9395-4C6D-83CD-16FDDAA948A8}.Ad-Hoc|Any CPU.Build.0 = Release|iPhone
		{0A24A683-9395-4C6D-83CD-16FDDAA948A8}.Ad-Hoc|iPhone.ActiveCfg = Release|iPhone
		{0A24A683-9395-4C6D-83CD-16FDDAA948A8}.Ad-Hoc|iPhone.Build.0 = Release|iPhone
		{0A24A683-9395-4C6D-83CD-16FDDAA948A8}.Ad-Hoc|iPhoneSimulator.ActiveCfg = Release|iPhoneSimulator
		{0A24A683-9395-4C6D-83CD-16FDDAA948A8}.Ad-Hoc|iPhoneSimulator.Build.0 = Release|iPhoneSimulator
		{0A24A683-9395-4C6D-83CD-16FDDAA948A8}.AppStore|Any CPU.ActiveCfg = Release|iPhone
		{0A24A683-9395-4C6D-83CD-16FDDAA948A8}.AppStore|Any CPU.Build.0 = Release|iPhone
		{0A24A683-9395-4C6D-83CD-16FDDAA948A8}.AppStore|iPhone.ActiveCfg = Release|iPhone
		{0A24A683-9395-4C6D-83CD-16FDDAA948A8}.AppStore|iPhone.Build.0 = Release|iPhone
		{0A24A683-9395-4C6D-83CD-16FDDAA948A8}.AppStore|iPhoneSimulator.ActiveCfg = Release|iPhoneSimulator
		{0A24A683-9395-4C6D-83CD-16FDDAA948A8}.AppStore|iPhoneSimulator.Build.0 = Release|iPhoneSimulator
		{0A24A683-9395-4C6D-83CD-16FDDAA948A8}.Debug|Any CPU.ActiveCfg = Debug|iPhone
		{0A24A683-9395-4C6D-83CD-16FDDAA948A8}.Debug|iPhone.ActiveCfg = Debug|iPhone
		{0A24A683-9395-4C6D-83CD-16FDDAA948A8}.Debug|iPhone.Build.0 = Debug|iPhone
		{0A24A683-9395-4C6D-83CD-16FDDAA948A8}.Debug|iPhone.Deploy.0 = Debug|iPhone
		{0A24A683-9395-4C6D-83CD-16FDDAA948A8}.Debug|iPhoneSimulator.ActiveCfg = Debug|iPhoneSimulator
		{0A24A683-9395-4C6D-83CD-16FDDAA948A8}.Debug|iPhoneSimulator.Build.0 = Debug|iPhoneSimulator
		{0A24A683-9395-4C6D-83CD-16FDDAA948A8}.Release|Any CPU.ActiveCfg = Release|iPhone
		{0A24A683-9395-4C6D-83CD-16FDDAA948A8}.Release|iPhone.ActiveCfg = Release|iPhone
		{0A24A683-9395-4C6D-83CD-16FDDAA948A8}.Release|iPhone.Build.0 = Release|iPhone
		{0A24A683-9395-4C6D-83CD-16FDDAA948A8}.Release|iPhone.Deploy.0 = Release|iPhone
		{0A24A683-9395-4C6D-83CD-16FDDAA948A8}.Release|iPhoneSimulator.ActiveCfg = Release|iPhoneSimulator
		{0A24A683-9395-4C6D-83CD-16FDDAA948A8}.Release|iPhoneSimulator.Build.0 = Release|iPhoneSimulator
		{9EB16A70-3094-436C-AFFF-8D81046F3065}.Ad-Hoc|Any CPU.ActiveCfg = Debug|Any CPU
		{9EB16A70-3094-436C-AFFF-8D81046F3065}.Ad-Hoc|Any CPU.Build.0 = Debug|Any CPU
		{9EB16A70-3094-436C-AFFF-8D81046F3065}.Ad-Hoc|iPhone.ActiveCfg = Debug|Any CPU
		{9EB16A70-3094-436C-AFFF-8D81046F3065}.Ad-Hoc|iPhone.Build.0 = Debug|Any CPU
		{9EB16A70-3094-436C-AFFF-8D81046F3065}.Ad-Hoc|iPhoneSimulator.ActiveCfg = Debug|Any CPU
		{9EB16A70-3094-436C-AFFF-8D81046F3065}.Ad-Hoc|iPhoneSimulator.Build.0 = Debug|Any CPU
		{9EB16A70-3094-436C-AFFF-8D81046F3065}.AppStore|Any CPU.ActiveCfg = Debug|Any CPU
		{9EB16A70-3094-436C-AFFF-8D81046F3065}.AppStore|Any CPU.Build.0 = Debug|Any CPU
		{9EB16A70-3094-436C-AFFF-8D81046F3065}.AppStore|iPhone.ActiveCfg = Debug|Any CPU
		{9EB16A70-3094-436C-AFFF-8D81046F3065}.AppStore|iPhone.Build.0 = Debug|Any CPU
		{9EB16A70-3094-436C-AFFF-8D81046F3065}.AppStore|iPhoneSimulator.ActiveCfg = Debug|Any CPU
		{9EB16A70-3094-436C-AFFF-8D81046F3065}.AppStore|iPhoneSimulator.Build.0 = Debug|Any CPU
		{9EB16A70-3094-436C-AFFF-8D81046F3065}.Debug|Any CPU.ActiveCfg = Debug|Any CPU
		{9EB16A70-3094-436C-AFFF-8D81046F3065}.Debug|Any CPU.Build.0 = Debug|Any CPU
		{9EB16A70-3094-436C-AFFF-8D81046F3065}.Debug|iPhone.ActiveCfg = Debug|Any CPU
		{9EB16A70-3094-436C-AFFF-8D81046F3065}.Debug|iPhone.Build.0 = Debug|Any CPU
		{9EB16A70-3094-436C-AFFF-8D81046F3065}.Debug|iPhoneSimulator.ActiveCfg = Debug|Any CPU
		{9EB16A70-3094-436C-AFFF-8D81046F3065}.Debug|iPhoneSimulator.Build.0 = Debug|Any CPU
		{9EB16A70-3094-436C-AFFF-8D81046F3065}.Release|Any CPU.ActiveCfg = Release|Any CPU
		{9EB16A70-3094-436C-AFFF-8D81046F3065}.Release|Any CPU.Build.0 = Release|Any CPU
		{9EB16A70-3094-436C-AFFF-8D81046F3065}.Release|iPhone.ActiveCfg = Release|Any CPU
		{9EB16A70-3094-436C-AFFF-8D81046F3065}.Release|iPhone.Build.0 = Release|Any CPU
		{9EB16A70-3094-436C-AFFF-8D81046F3065}.Release|iPhoneSimulator.ActiveCfg = Release|Any CPU
		{9EB16A70-3094-436C-AFFF-8D81046F3065}.Release|iPhoneSimulator.Build.0 = Release|Any CPU
		{A48E4CE7-DA61-429A-A154-9271A5910FCC}.Ad-Hoc|Any CPU.ActiveCfg = Debug|Any CPU
		{A48E4CE7-DA61-429A-A154-9271A5910FCC}.Ad-Hoc|Any CPU.Build.0 = Debug|Any CPU
		{A48E4CE7-DA61-429A-A154-9271A5910FCC}.Ad-Hoc|Any CPU.Deploy.0 = Debug|Any CPU
		{A48E4CE7-DA61-429A-A154-9271A5910FCC}.Ad-Hoc|iPhone.ActiveCfg = Release|Any CPU
		{A48E4CE7-DA61-429A-A154-9271A5910FCC}.Ad-Hoc|iPhone.Build.0 = Release|Any CPU
		{A48E4CE7-DA61-429A-A154-9271A5910FCC}.Ad-Hoc|iPhone.Deploy.0 = Release|Any CPU
		{A48E4CE7-DA61-429A-A154-9271A5910FCC}.Ad-Hoc|iPhoneSimulator.ActiveCfg = Release|Any CPU
		{A48E4CE7-DA61-429A-A154-9271A5910FCC}.Ad-Hoc|iPhoneSimulator.Build.0 = Release|Any CPU
		{A48E4CE7-DA61-429A-A154-9271A5910FCC}.Ad-Hoc|iPhoneSimulator.Deploy.0 = Release|Any CPU
		{A48E4CE7-DA61-429A-A154-9271A5910FCC}.AppStore|Any CPU.ActiveCfg = Release|Any CPU
		{A48E4CE7-DA61-429A-A154-9271A5910FCC}.AppStore|Any CPU.Build.0 = Release|Any CPU
		{A48E4CE7-DA61-429A-A154-9271A5910FCC}.AppStore|Any CPU.Deploy.0 = Release|Any CPU
		{A48E4CE7-DA61-429A-A154-9271A5910FCC}.AppStore|iPhone.ActiveCfg = Release|Any CPU
		{A48E4CE7-DA61-429A-A154-9271A5910FCC}.AppStore|iPhone.Build.0 = Release|Any CPU
		{A48E4CE7-DA61-429A-A154-9271A5910FCC}.AppStore|iPhone.Deploy.0 = Release|Any CPU
		{A48E4CE7-DA61-429A-A154-9271A5910FCC}.AppStore|iPhoneSimulator.ActiveCfg = Release|Any CPU
		{A48E4CE7-DA61-429A-A154-9271A5910FCC}.AppStore|iPhoneSimulator.Build.0 = Release|Any CPU
		{A48E4CE7-DA61-429A-A154-9271A5910FCC}.AppStore|iPhoneSimulator.Deploy.0 = Release|Any CPU
		{A48E4CE7-DA61-429A-A154-9271A5910FCC}.Debug|Any CPU.ActiveCfg = Debug|Any CPU
		{A48E4CE7-DA61-429A-A154-9271A5910FCC}.Debug|Any CPU.Build.0 = Debug|Any CPU
		{A48E4CE7-DA61-429A-A154-9271A5910FCC}.Debug|Any CPU.Deploy.0 = Debug|Any CPU
		{A48E4CE7-DA61-429A-A154-9271A5910FCC}.Debug|iPhone.ActiveCfg = Debug|Any CPU
		{A48E4CE7-DA61-429A-A154-9271A5910FCC}.Debug|iPhone.Build.0 = Debug|Any CPU
		{A48E4CE7-DA61-429A-A154-9271A5910FCC}.Debug|iPhone.Deploy.0 = Debug|Any CPU
		{A48E4CE7-DA61-429A-A154-9271A5910FCC}.Debug|iPhoneSimulator.ActiveCfg = Debug|Any CPU
		{A48E4CE7-DA61-429A-A154-9271A5910FCC}.Debug|iPhoneSimulator.Build.0 = Debug|Any CPU
		{A48E4CE7-DA61-429A-A154-9271A5910FCC}.Debug|iPhoneSimulator.Deploy.0 = Debug|Any CPU
		{A48E4CE7-DA61-429A-A154-9271A5910FCC}.Release|Any CPU.ActiveCfg = Release|Any CPU
		{A48E4CE7-DA61-429A-A154-9271A5910FCC}.Release|Any CPU.Build.0 = Release|Any CPU
		{A48E4CE7-DA61-429A-A154-9271A5910FCC}.Release|Any CPU.Deploy.0 = Release|Any CPU
		{A48E4CE7-DA61-429A-A154-9271A5910FCC}.Release|iPhone.ActiveCfg = Release|Any CPU
		{A48E4CE7-DA61-429A-A154-9271A5910FCC}.Release|iPhone.Build.0 = Release|Any CPU
		{A48E4CE7-DA61-429A-A154-9271A5910FCC}.Release|iPhone.Deploy.0 = Release|Any CPU
		{A48E4CE7-DA61-429A-A154-9271A5910FCC}.Release|iPhoneSimulator.ActiveCfg = Release|Any CPU
		{A48E4CE7-DA61-429A-A154-9271A5910FCC}.Release|iPhoneSimulator.Build.0 = Release|Any CPU
		{A48E4CE7-DA61-429A-A154-9271A5910FCC}.Release|iPhoneSimulator.Deploy.0 = Release|Any CPU
		{0A24A684-9395-4C6D-83CD-16FDDAA948A8}.Ad-Hoc|Any CPU.ActiveCfg = Release|iPhone
		{0A24A684-9395-4C6D-83CD-16FDDAA948A8}.Ad-Hoc|Any CPU.Build.0 = Release|iPhone
		{0A24A684-9395-4C6D-83CD-16FDDAA948A8}.Ad-Hoc|iPhone.ActiveCfg = Release|iPhone
		{0A24A684-9395-4C6D-83CD-16FDDAA948A8}.Ad-Hoc|iPhone.Build.0 = Release|iPhone
		{0A24A684-9395-4C6D-83CD-16FDDAA948A8}.Ad-Hoc|iPhoneSimulator.ActiveCfg = Release|iPhoneSimulator
		{0A24A684-9395-4C6D-83CD-16FDDAA948A8}.Ad-Hoc|iPhoneSimulator.Build.0 = Release|iPhoneSimulator
		{0A24A684-9395-4C6D-83CD-16FDDAA948A8}.AppStore|Any CPU.ActiveCfg = Release|iPhone
		{0A24A684-9395-4C6D-83CD-16FDDAA948A8}.AppStore|Any CPU.Build.0 = Release|iPhone
		{0A24A684-9395-4C6D-83CD-16FDDAA948A8}.AppStore|iPhone.ActiveCfg = Release|iPhone
		{0A24A684-9395-4C6D-83CD-16FDDAA948A8}.AppStore|iPhone.Build.0 = Release|iPhone
		{0A24A684-9395-4C6D-83CD-16FDDAA948A8}.AppStore|iPhoneSimulator.ActiveCfg = Release|iPhoneSimulator
		{0A24A684-9395-4C6D-83CD-16FDDAA948A8}.AppStore|iPhoneSimulator.Build.0 = Release|iPhoneSimulator
		{0A24A684-9395-4C6D-83CD-16FDDAA948A8}.Debug|Any CPU.ActiveCfg = Debug|iPhone
		{0A24A684-9395-4C6D-83CD-16FDDAA948A8}.Debug|iPhone.ActiveCfg = Debug|iPhone
		{0A24A684-9395-4C6D-83CD-16FDDAA948A8}.Debug|iPhone.Build.0 = Debug|iPhone
		{0A24A684-9395-4C6D-83CD-16FDDAA948A8}.Debug|iPhone.Deploy.0 = Debug|iPhone
		{0A24A684-9395-4C6D-83CD-16FDDAA948A8}.Debug|iPhoneSimulator.ActiveCfg = Debug|iPhoneSimulator
		{0A24A684-9395-4C6D-83CD-16FDDAA948A8}.Debug|iPhoneSimulator.Build.0 = Debug|iPhoneSimulator
		{0A24A684-9395-4C6D-83CD-16FDDAA948A8}.Release|Any CPU.ActiveCfg = Release|iPhone
		{0A24A684-9395-4C6D-83CD-16FDDAA948A8}.Release|iPhone.ActiveCfg = Release|iPhone
		{0A24A684-9395-4C6D-83CD-16FDDAA948A8}.Release|iPhone.Build.0 = Release|iPhone
		{0A24A684-9395-4C6D-83CD-16FDDAA948A8}.Release|iPhone.Deploy.0 = Release|iPhone
		{0A24A684-9395-4C6D-83CD-16FDDAA948A8}.Release|iPhoneSimulator.ActiveCfg = Release|iPhoneSimulator
		{0A24A684-9395-4C6D-83CD-16FDDAA948A8}.Release|iPhoneSimulator.Build.0 = Release|iPhoneSimulator
		{6584F2F9-5D05-49D1-A6AA-578DD463A291}.Ad-Hoc|Any CPU.ActiveCfg = Debug|Any CPU
		{6584F2F9-5D05-49D1-A6AA-578DD463A291}.Ad-Hoc|Any CPU.Build.0 = Debug|Any CPU
		{6584F2F9-5D05-49D1-A6AA-578DD463A291}.Ad-Hoc|iPhone.ActiveCfg = Debug|Any CPU
		{6584F2F9-5D05-49D1-A6AA-578DD463A291}.Ad-Hoc|iPhone.Build.0 = Debug|Any CPU
		{6584F2F9-5D05-49D1-A6AA-578DD463A291}.Ad-Hoc|iPhoneSimulator.ActiveCfg = Debug|Any CPU
		{6584F2F9-5D05-49D1-A6AA-578DD463A291}.Ad-Hoc|iPhoneSimulator.Build.0 = Debug|Any CPU
		{6584F2F9-5D05-49D1-A6AA-578DD463A291}.AppStore|Any CPU.ActiveCfg = Debug|Any CPU
		{6584F2F9-5D05-49D1-A6AA-578DD463A291}.AppStore|Any CPU.Build.0 = Debug|Any CPU
		{6584F2F9-5D05-49D1-A6AA-578DD463A291}.AppStore|iPhone.ActiveCfg = Debug|Any CPU
		{6584F2F9-5D05-49D1-A6AA-578DD463A291}.AppStore|iPhone.Build.0 = Debug|Any CPU
		{6584F2F9-5D05-49D1-A6AA-578DD463A291}.AppStore|iPhoneSimulator.ActiveCfg = Debug|Any CPU
		{6584F2F9-5D05-49D1-A6AA-578DD463A291}.AppStore|iPhoneSimulator.Build.0 = Debug|Any CPU
		{6584F2F9-5D05-49D1-A6AA-578DD463A291}.Debug|Any CPU.ActiveCfg = Debug|Any CPU
		{6584F2F9-5D05-49D1-A6AA-578DD463A291}.Debug|Any CPU.Build.0 = Debug|Any CPU
		{6584F2F9-5D05-49D1-A6AA-578DD463A291}.Debug|iPhone.ActiveCfg = Debug|Any CPU
		{6584F2F9-5D05-49D1-A6AA-578DD463A291}.Debug|iPhone.Build.0 = Debug|Any CPU
		{6584F2F9-5D05-49D1-A6AA-578DD463A291}.Debug|iPhoneSimulator.ActiveCfg = Debug|Any CPU
		{6584F2F9-5D05-49D1-A6AA-578DD463A291}.Debug|iPhoneSimulator.Build.0 = Debug|Any CPU
		{6584F2F9-5D05-49D1-A6AA-578DD463A291}.Release|Any CPU.ActiveCfg = Release|Any CPU
		{6584F2F9-5D05-49D1-A6AA-578DD463A291}.Release|Any CPU.Build.0 = Release|Any CPU
		{6584F2F9-5D05-49D1-A6AA-578DD463A291}.Release|iPhone.ActiveCfg = Release|Any CPU
		{6584F2F9-5D05-49D1-A6AA-578DD463A291}.Release|iPhone.Build.0 = Release|Any CPU
		{6584F2F9-5D05-49D1-A6AA-578DD463A291}.Release|iPhoneSimulator.ActiveCfg = Release|Any CPU
		{6584F2F9-5D05-49D1-A6AA-578DD463A291}.Release|iPhoneSimulator.Build.0 = Release|Any CPU
		{1ED77F9B-CCE7-44F3-A055-39589DCE53CF}.Ad-Hoc|Any CPU.ActiveCfg = Debug|Any CPU
		{1ED77F9B-CCE7-44F3-A055-39589DCE53CF}.Ad-Hoc|Any CPU.Build.0 = Debug|Any CPU
		{1ED77F9B-CCE7-44F3-A055-39589DCE53CF}.Ad-Hoc|Any CPU.Deploy.0 = Debug|Any CPU
		{1ED77F9B-CCE7-44F3-A055-39589DCE53CF}.Ad-Hoc|iPhone.ActiveCfg = Debug|Any CPU
		{1ED77F9B-CCE7-44F3-A055-39589DCE53CF}.Ad-Hoc|iPhone.Build.0 = Debug|Any CPU
		{1ED77F9B-CCE7-44F3-A055-39589DCE53CF}.Ad-Hoc|iPhone.Deploy.0 = Debug|Any CPU
		{1ED77F9B-CCE7-44F3-A055-39589DCE53CF}.Ad-Hoc|iPhoneSimulator.ActiveCfg = Debug|Any CPU
		{1ED77F9B-CCE7-44F3-A055-39589DCE53CF}.Ad-Hoc|iPhoneSimulator.Build.0 = Debug|Any CPU
		{1ED77F9B-CCE7-44F3-A055-39589DCE53CF}.Ad-Hoc|iPhoneSimulator.Deploy.0 = Debug|Any CPU
		{1ED77F9B-CCE7-44F3-A055-39589DCE53CF}.AppStore|Any CPU.ActiveCfg = Debug|Any CPU
		{1ED77F9B-CCE7-44F3-A055-39589DCE53CF}.AppStore|Any CPU.Build.0 = Debug|Any CPU
		{1ED77F9B-CCE7-44F3-A055-39589DCE53CF}.AppStore|Any CPU.Deploy.0 = Debug|Any CPU
		{1ED77F9B-CCE7-44F3-A055-39589DCE53CF}.AppStore|iPhone.ActiveCfg = Debug|Any CPU
		{1ED77F9B-CCE7-44F3-A055-39589DCE53CF}.AppStore|iPhone.Build.0 = Debug|Any CPU
		{1ED77F9B-CCE7-44F3-A055-39589DCE53CF}.AppStore|iPhone.Deploy.0 = Debug|Any CPU
		{1ED77F9B-CCE7-44F3-A055-39589DCE53CF}.AppStore|iPhoneSimulator.ActiveCfg = Debug|Any CPU
		{1ED77F9B-CCE7-44F3-A055-39589DCE53CF}.AppStore|iPhoneSimulator.Build.0 = Debug|Any CPU
		{1ED77F9B-CCE7-44F3-A055-39589DCE53CF}.AppStore|iPhoneSimulator.Deploy.0 = Debug|Any CPU
		{1ED77F9B-CCE7-44F3-A055-39589DCE53CF}.Debug|Any CPU.ActiveCfg = Debug|Any CPU
		{1ED77F9B-CCE7-44F3-A055-39589DCE53CF}.Debug|Any CPU.Build.0 = Debug|Any CPU
		{1ED77F9B-CCE7-44F3-A055-39589DCE53CF}.Debug|Any CPU.Deploy.0 = Debug|Any CPU
		{1ED77F9B-CCE7-44F3-A055-39589DCE53CF}.Debug|iPhone.ActiveCfg = Debug|Any CPU
		{1ED77F9B-CCE7-44F3-A055-39589DCE53CF}.Debug|iPhone.Build.0 = Debug|Any CPU
		{1ED77F9B-CCE7-44F3-A055-39589DCE53CF}.Debug|iPhone.Deploy.0 = Debug|Any CPU
		{1ED77F9B-CCE7-44F3-A055-39589DCE53CF}.Debug|iPhoneSimulator.ActiveCfg = Debug|Any CPU
		{1ED77F9B-CCE7-44F3-A055-39589DCE53CF}.Debug|iPhoneSimulator.Build.0 = Debug|Any CPU
		{1ED77F9B-CCE7-44F3-A055-39589DCE53CF}.Debug|iPhoneSimulator.Deploy.0 = Debug|Any CPU
		{1ED77F9B-CCE7-44F3-A055-39589DCE53CF}.Release|Any CPU.ActiveCfg = Release|Any CPU
		{1ED77F9B-CCE7-44F3-A055-39589DCE53CF}.Release|Any CPU.Build.0 = Release|Any CPU
		{1ED77F9B-CCE7-44F3-A055-39589DCE53CF}.Release|Any CPU.Deploy.0 = Release|Any CPU
		{1ED77F9B-CCE7-44F3-A055-39589DCE53CF}.Release|iPhone.ActiveCfg = Release|Any CPU
		{1ED77F9B-CCE7-44F3-A055-39589DCE53CF}.Release|iPhone.Build.0 = Release|Any CPU
		{1ED77F9B-CCE7-44F3-A055-39589DCE53CF}.Release|iPhone.Deploy.0 = Release|Any CPU
		{1ED77F9B-CCE7-44F3-A055-39589DCE53CF}.Release|iPhoneSimulator.ActiveCfg = Release|Any CPU
		{1ED77F9B-CCE7-44F3-A055-39589DCE53CF}.Release|iPhoneSimulator.Build.0 = Release|Any CPU
		{1ED77F9B-CCE7-44F3-A055-39589DCE53CF}.Release|iPhoneSimulator.Deploy.0 = Release|Any CPU
		{4B902BDB-FAAF-4146-BD5A-E1DBD9063D3A}.Ad-Hoc|Any CPU.ActiveCfg = Debug|iPhoneSimulator
		{4B902BDB-FAAF-4146-BD5A-E1DBD9063D3A}.Ad-Hoc|Any CPU.Build.0 = Debug|iPhoneSimulator
		{4B902BDB-FAAF-4146-BD5A-E1DBD9063D3A}.Ad-Hoc|iPhone.ActiveCfg = Debug|iPhone
		{4B902BDB-FAAF-4146-BD5A-E1DBD9063D3A}.Ad-Hoc|iPhone.Build.0 = Debug|iPhone
		{4B902BDB-FAAF-4146-BD5A-E1DBD9063D3A}.Ad-Hoc|iPhoneSimulator.ActiveCfg = Debug|iPhoneSimulator
		{4B902BDB-FAAF-4146-BD5A-E1DBD9063D3A}.Ad-Hoc|iPhoneSimulator.Build.0 = Debug|iPhoneSimulator
		{4B902BDB-FAAF-4146-BD5A-E1DBD9063D3A}.AppStore|Any CPU.ActiveCfg = Debug|iPhoneSimulator
		{4B902BDB-FAAF-4146-BD5A-E1DBD9063D3A}.AppStore|Any CPU.Build.0 = Debug|iPhoneSimulator
		{4B902BDB-FAAF-4146-BD5A-E1DBD9063D3A}.AppStore|iPhone.ActiveCfg = Debug|iPhone
		{4B902BDB-FAAF-4146-BD5A-E1DBD9063D3A}.AppStore|iPhone.Build.0 = Debug|iPhone
		{4B902BDB-FAAF-4146-BD5A-E1DBD9063D3A}.AppStore|iPhoneSimulator.ActiveCfg = Debug|iPhoneSimulator
		{4B902BDB-FAAF-4146-BD5A-E1DBD9063D3A}.AppStore|iPhoneSimulator.Build.0 = Debug|iPhoneSimulator
		{4B902BDB-FAAF-4146-BD5A-E1DBD9063D3A}.Debug|Any CPU.ActiveCfg = Debug|iPhoneSimulator
		{4B902BDB-FAAF-4146-BD5A-E1DBD9063D3A}.Debug|iPhone.ActiveCfg = Debug|iPhone
		{4B902BDB-FAAF-4146-BD5A-E1DBD9063D3A}.Debug|iPhone.Build.0 = Debug|iPhone
		{4B902BDB-FAAF-4146-BD5A-E1DBD9063D3A}.Debug|iPhone.Deploy.0 = Debug|iPhone
		{4B902BDB-FAAF-4146-BD5A-E1DBD9063D3A}.Debug|iPhoneSimulator.ActiveCfg = Debug|iPhoneSimulator
		{4B902BDB-FAAF-4146-BD5A-E1DBD9063D3A}.Debug|iPhoneSimulator.Build.0 = Debug|iPhoneSimulator
		{4B902BDB-FAAF-4146-BD5A-E1DBD9063D3A}.Release|Any CPU.ActiveCfg = Release|iPhoneSimulator
		{4B902BDB-FAAF-4146-BD5A-E1DBD9063D3A}.Release|iPhone.ActiveCfg = Release|iPhone
		{4B902BDB-FAAF-4146-BD5A-E1DBD9063D3A}.Release|iPhone.Build.0 = Release|iPhone
		{4B902BDB-FAAF-4146-BD5A-E1DBD9063D3A}.Release|iPhone.Deploy.0 = Release|iPhone
		{4B902BDB-FAAF-4146-BD5A-E1DBD9063D3A}.Release|iPhoneSimulator.ActiveCfg = Release|iPhoneSimulator
		{4B902BDB-FAAF-4146-BD5A-E1DBD9063D3A}.Release|iPhoneSimulator.Build.0 = Release|iPhoneSimulator
	EndGlobalSection
	GlobalSection(SolutionProperties) = preSolution
		HideSolutionNode = FALSE
	EndGlobalSection
	GlobalSection(NestedProjects) = preSolution
		{35778E6E-3CAF-4613-B4F6-FA207832E55D} = {AF4598E8-BE00-438E-941E-BAA5FA406E06}
		{45F2F190-4671-4787-8015-DBD87E20558B} = {6359A794-E9A4-4257-B0DB-55A0AD613237}
		{8E037867-4337-4DDA-B13E-A077EF3D80C8} = {6359A794-E9A4-4257-B0DB-55A0AD613237}
		{73D95281-FB5D-4D78-AA34-8B722052DB3E} = {6359A794-E9A4-4257-B0DB-55A0AD613237}
		{6359A794-E9A4-4257-B0DB-55A0AD613237} = {35778E6E-3CAF-4613-B4F6-FA207832E55D}
		{2AA77393-0B80-4BAC-BCC7-1FF0F19AA079} = {56652968-5F70-45B5-A025-F6420B95905D}
		{5BA73FD6-CADC-4847-A280-B41FDC31639C} = {56652968-5F70-45B5-A025-F6420B95905D}
		{FC265072-73CD-4D0C-98AD-75EBE14479F6} = {56652968-5F70-45B5-A025-F6420B95905D}
		{56652968-5F70-45B5-A025-F6420B95905D} = {35778E6E-3CAF-4613-B4F6-FA207832E55D}
		{03FF6946-BAF7-4AE6-90F4-DD3D7C24DBB1} = {35778E6E-3CAF-4613-B4F6-FA207832E55D}
		{02867B8D-7E36-4952-ABDF-C6F060F17840} = {03FF6946-BAF7-4AE6-90F4-DD3D7C24DBB1}
		{B24B0309-BE04-4791-8A2B-1E167215B738} = {03FF6946-BAF7-4AE6-90F4-DD3D7C24DBB1}
		{79DAA1E1-164C-49B5-A0DF-8344F2E3DA84} = {03FF6946-BAF7-4AE6-90F4-DD3D7C24DBB1}
		{5808FBDC-0FCF-4E40-BBB4-A7B5AB74DDBC} = {35778E6E-3CAF-4613-B4F6-FA207832E55D}
		{81FC88AB-CF50-4509-B9C0-4A78B80F1C4B} = {5808FBDC-0FCF-4E40-BBB4-A7B5AB74DDBC}
		{7194034D-068F-46EA-BC19-FE76B51D9FA0} = {5808FBDC-0FCF-4E40-BBB4-A7B5AB74DDBC}
		{164B96CD-EA89-4D0F-BDF8-16F797BA29AF} = {5808FBDC-0FCF-4E40-BBB4-A7B5AB74DDBC}
		{A9ECF39C-CA3F-43A5-B792-4D3E4447978A} = {35778E6E-3CAF-4613-B4F6-FA207832E55D}
		{FF632E32-38AB-487D-A776-E247B9C972CE} = {A9ECF39C-CA3F-43A5-B792-4D3E4447978A}
		{A48E4CE6-DA61-429A-A154-9271A5910FCC} = {A9ECF39C-CA3F-43A5-B792-4D3E4447978A}
		{0A24A683-9395-4C6D-83CD-16FDDAA948A8} = {A9ECF39C-CA3F-43A5-B792-4D3E4447978A}
		{6C577AC1-8C7F-4D46-9BC2-63A9E87A334D} = {35778E6E-3CAF-4613-B4F6-FA207832E55D}
		{9EB16A70-3094-436C-AFFF-8D81046F3065} = {6C577AC1-8C7F-4D46-9BC2-63A9E87A334D}
		{A48E4CE7-DA61-429A-A154-9271A5910FCC} = {6C577AC1-8C7F-4D46-9BC2-63A9E87A334D}
		{0A24A684-9395-4C6D-83CD-16FDDAA948A8} = {6C577AC1-8C7F-4D46-9BC2-63A9E87A334D}
		{3783DBD1-AB0B-4509-8FB5-7F3F1BC06DE5} = {35778E6E-3CAF-4613-B4F6-FA207832E55D}
		{6584F2F9-5D05-49D1-A6AA-578DD463A291} = {3783DBD1-AB0B-4509-8FB5-7F3F1BC06DE5}
		{1ED77F9B-CCE7-44F3-A055-39589DCE53CF} = {3783DBD1-AB0B-4509-8FB5-7F3F1BC06DE5}
		{4B902BDB-FAAF-4146-BD5A-E1DBD9063D3A} = {3783DBD1-AB0B-4509-8FB5-7F3F1BC06DE5}
	EndGlobalSection
	GlobalSection(ExtensibilityGlobals) = postSolution
		SolutionGuid = {93045932-780D-4431-B805-9947A5C296FA}
	EndGlobalSection
EndGlobal
